
Microsoft Visual Studio Solution File, Format Version 12.00
# Visual Studio Version 17
VisualStudioVersion = 17.6.33513.286
MinimumVisualStudioVersion = 10.0.40219.1
Project("{FAE04EC0-301F-11D3-BF4B-00C04F79EFBC}") = "SpecialLibrary", "SpecialLibrary\SpecialLibrary.csproj", "{BCA5C6C4-0C84-4BB6-A89A-E0D042D9A331}"
EndProject
Global
	GlobalSection(SolutionConfigurationPlatforms) = preSolution
		Debug|Any CPU = Debug|Any CPU
		Release|Any CPU = Release|Any CPU
	EndGlobalSection
	GlobalSection(ProjectConfigurationPlatforms) = postSolution
		{BCA5C6C4-0C84-4BB6-A89A-E0D042D9A331}.Debug|Any CPU.ActiveCfg = Debug|Any CPU
		{BCA5C6C4-0C84-4BB6-A89A-E0D042D9A331}.Debug|Any CPU.Build.0 = Debug|Any CPU
		{BCA5C6C4-0C84-4BB6-A89A-E0D042D9A331}.Release|Any CPU.ActiveCfg = Release|Any CPU
		{BCA5C6C4-0C84-4BB6-A89A-E0D042D9A331}.Release|Any CPU.Build.0 = Release|Any CPU
	EndGlobalSection
	GlobalSection(SolutionProperties) = preSolution
		HideSolutionNode = FALSE
	EndGlobalSection
	GlobalSection(ExtensibilityGlobals) = postSolution
		SolutionGuid = {552394EA-E7E7-4AE4-B1D4-E967F90FAB4E}
	EndGlobalSection
EndGlobal
